
Microsoft Visual Studio Solution File, Format Version 12.00
# Visual Studio Version 16
VisualStudioVersion = 16.0.29806.167
MinimumVisualStudioVersion = 10.0.40219.1
Project("{9A19103F-16F7-4668-BE54-9A1E7A4F7556}") = "FluorettoEngineStandard", "FluorettoEngineStandard.csproj", "{5E477766-93F2-4481-A2E3-F43AD7949845}"
EndProject
Project("{FAE04EC0-301F-11D3-BF4B-00C04F79EFBC}") = "FluorettoEngineSerializable", "..\FluorettoEngineSerializable\FluorettoEngineSerializable.csproj", "{C068A899-FD48-4FA0-BDEE-3F787950942D}"
EndProject
Global
	GlobalSection(SolutionConfigurationPlatforms) = preSolution
		Debug|Any CPU = Debug|Any CPU
		Release|Any CPU = Release|Any CPU
	EndGlobalSection
	GlobalSection(ProjectConfigurationPlatforms) = postSolution
		{5E477766-93F2-4481-A2E3-F43AD7949845}.Debug|Any CPU.ActiveCfg = Debug|Any CPU
		{5E477766-93F2-4481-A2E3-F43AD7949845}.Debug|Any CPU.Build.0 = Debug|Any CPU
		{5E477766-93F2-4481-A2E3-F43AD7949845}.Release|Any CPU.ActiveCfg = Release|Any CPU
		{5E477766-93F2-4481-A2E3-F43AD7949845}.Release|Any CPU.Build.0 = Release|Any CPU
		{C068A899-FD48-4FA0-BDEE-3F787950942D}.Debug|Any CPU.ActiveCfg = Debug|Any CPU
		{C068A899-FD48-4FA0-BDEE-3F787950942D}.Debug|Any CPU.Build.0 = Debug|Any CPU
		{C068A899-FD48-4FA0-BDEE-3F787950942D}.Release|Any CPU.ActiveCfg = Release|Any CPU
		{C068A899-FD48-4FA0-BDEE-3F787950942D}.Release|Any CPU.Build.0 = Release|Any CPU
	EndGlobalSection
	GlobalSection(SolutionProperties) = preSolution
		HideSolutionNode = FALSE
	EndGlobalSection
	GlobalSection(ExtensibilityGlobals) = postSolution
		SolutionGuid = {D919026B-BBFE-442E-AE60-F926D6A01E87}
	EndGlobalSection
EndGlobal
